{
    "_meta": {
        "hash": {
            "sha256": "86ad465c5963e11d95625c546acc81f32cc16b8b8ab3afe11fd60dab582c902e"
        },
        "pipfile-spec": 6,
        "requires": {
            "python_version": "3.12"
        },
        "sources": [
            {
                "name": "pypi",
                "url": "https://pypi.org/simple",
                "verify_ssl": true
            }
        ]
    },
    "default": {
        "asgiref": {
            "hashes": [
                "sha256:3e1e3ecc849832fe52ccf2cb6686b7a55f82bb1d6aee72a58826471390335e47",
                "sha256:c343bd80a0bec947a9860adb4c432ffa7db769836c64238fc34bdc3fec84d590"
            ],
            "markers": "python_version >= '3.8'",
            "version": "==3.8.1"
        },
        "django": {
            "hashes": [
                "sha256:19bbca786df50b9eca23cee79d495facf55c8f5c54c529d9bf1fe7b5ea086af3",
                "sha256:c46eb936111fffe6ec4bc9930035524a8be98ec2f74d8a0ff351226a3e52f459"
            ],
            "index": "pypi",
            "markers": "python_version >= '3.10'",
            "version": "==5.1.5"
        },
        "djangorestframework": {
            "hashes": [
                "sha256:2b8871b062ba1aefc2de01f773875441a961fefbf79f5eed1e32b2f096944b20",
                "sha256:36fe88cd2d6c6bec23dca9804bab2ba5517a8bb9d8f47ebc68981b56840107ad"
            ],
            "index": "pypi",
            "markers": "python_version >= '3.8'",
            "version": "==3.15.2"
        },
        "sqlparse": {
            "hashes": [
                "sha256:09f67787f56a0b16ecdbde1bfc7f5d9c3371ca683cfeaa8e6ff60b4807ec9272",
                "sha256:cf2196ed3418f3ba5de6af7e82c694a9fbdbfecccdfc72e281548517081f16ca"
            ],
            "markers": "python_version >= '3.8'",
            "version": "==0.5.3"
        }
    },
    "develop": {
        "asgiref": {
            "hashes": [
                "sha256:3e1e3ecc849832fe52ccf2cb6686b7a55f82bb1d6aee72a58826471390335e47",
                "sha256:c343bd80a0bec947a9860adb4c432ffa7db769836c64238fc34bdc3fec84d590"
            ],
            "markers": "python_version >= '3.8'",
            "version": "==3.8.1"
        },
        "django": {
            "hashes": [
                "sha256:19bbca786df50b9eca23cee79d495facf55c8f5c54c529d9bf1fe7b5ea086af3",
                "sha256:c46eb936111fffe6ec4bc9930035524a8be98ec2f74d8a0ff351226a3e52f459"
            ],
            "index": "pypi",
            "markers": "python_version >= '3.10'",
            "version": "==5.1.5"
        },
        "django-stubs": {
            "hashes": [
                "sha256:04ddc778faded6fb48468a8da9e98b8d12b9ba983faa648d37a73ebde0f024da",
                "sha256:a0fcb3659bab46a6d835cc2d9bff3fc29c36ccea41a10e8b1930427bc0f9f0df"
            ],
            "index": "pypi",
            "markers": "python_version >= '3.8'",
            "version": "==5.1.2"
        },
        "django-stubs-ext": {
            "hashes": [
                "sha256:421c0c3025a68e3ab8e16f065fad9ba93335ecefe2dd92a0cff97a665680266c",
                "sha256:6c559214538d6a26f631ca638ddc3251a0a891d607de8ce01d23d3201ad8ad6c"
            ],
            "markers": "python_version >= '3.8'",
            "version": "==5.1.2"
        },
        "sqlparse": {
            "hashes": [
                "sha256:09f67787f56a0b16ecdbde1bfc7f5d9c3371ca683cfeaa8e6ff60b4807ec9272",
                "sha256:cf2196ed3418f3ba5de6af7e82c694a9fbdbfecccdfc72e281548517081f16ca"
            ],
            "markers": "python_version >= '3.8'",
            "version": "==0.5.3"
        },
        "types-pyyaml": {
            "hashes": [
                "sha256:7f07622dbd34bb9c8b264fe860a17e0efcad00d50b5f27e93984909d9363498c",
                "sha256:fa4d32565219b68e6dee5f67534c722e53c00d1cfc09c435ef04d7353e1e96e6"
            ],
            "markers": "python_version >= '3.8'",
            "version": "==6.0.12.20241230"
        },
        "typing-extensions": {
            "hashes": [
                "sha256:04e5ca0351e0f3f85c6853954072df659d0d13fac324d0072316b67d7794700d",
                "sha256:1a7ead55c7e559dd4dee8856e3a88b41225abfe1ce8df57b7c13915fe121ffb8"
            ],
            "markers": "python_version >= '3.8'",
            "version": "==4.12.2"
        }
    }
}
